
Microsoft Visual Studio Solution File, Format Version 12.00
# Visual Studio Version 17
VisualStudioVersion = 17.12.35707.178 d17.12
MinimumVisualStudioVersion = 10.0.40219.1
Project("{FAE04EC0-301F-11D3-BF4B-00C04F79EFBC}") = "GSA_oM", "GSA_oM\GSA_oM.csproj", "{F3A03CBB-C014-4B2E-955E-318093E37DF6}"
EndProject
Project("{FAE04EC0-301F-11D3-BF4B-00C04F79EFBC}") = "GSA_Engine", "GSA_Engine\GSA_Engine.csproj", "{C6DFCF46-7329-4E10-9C55-142682ADA700}"
EndProject
Project("{FAE04EC0-301F-11D3-BF4B-00C04F79EFBC}") = "GSA_Adapter", "GSA_Adapter\GSA_Adapter.csproj", "{4F3CF1A5-5A00-41C6-826B-43B103987D07}"
EndProject
Global
	GlobalSection(SolutionConfigurationPlatforms) = preSolution
		Debug|Any CPU = Debug|Any CPU
		Debug101|Any CPU = Debug101|Any CPU
		Debug102|Any CPU = Debug102|Any CPU
		Debug87|Any CPU = Debug87|Any CPU
		Release|Any CPU = Release|Any CPU
		Release101|Any CPU = Release101|Any CPU
		Release102|Any CPU = Release102|Any CPU
		Release87|Any CPU = Release87|Any CPU
	EndGlobalSection
	GlobalSection(ProjectConfigurationPlatforms) = postSolution
		{F3A03CBB-C014-4B2E-955E-318093E37DF6}.Debug|Any CPU.ActiveCfg = Debug|Any CPU
		{F3A03CBB-C014-4B2E-955E-318093E37DF6}.Debug|Any CPU.Build.0 = Debug|Any CPU
		{F3A03CBB-C014-4B2E-955E-318093E37DF6}.Debug101|Any CPU.ActiveCfg = Debug|Any CPU
		{F3A03CBB-C014-4B2E-955E-318093E37DF6}.Debug101|Any CPU.Build.0 = Debug|Any CPU
		{F3A03CBB-C014-4B2E-955E-318093E37DF6}.Debug102|Any CPU.ActiveCfg = Debug|Any CPU
		{F3A03CBB-C014-4B2E-955E-318093E37DF6}.Debug102|Any CPU.Build.0 = Debug|Any CPU
		{F3A03CBB-C014-4B2E-955E-318093E37DF6}.Debug87|Any CPU.ActiveCfg = Debug|Any CPU
		{F3A03CBB-C014-4B2E-955E-318093E37DF6}.Debug87|Any CPU.Build.0 = Debug|Any CPU
		{F3A03CBB-C014-4B2E-955E-318093E37DF6}.Release|Any CPU.ActiveCfg = Release|Any CPU
		{F3A03CBB-C014-4B2E-955E-318093E37DF6}.Release|Any CPU.Build.0 = Release|Any CPU
		{F3A03CBB-C014-4B2E-955E-318093E37DF6}.Release101|Any CPU.ActiveCfg = Release|Any CPU
		{F3A03CBB-C014-4B2E-955E-318093E37DF6}.Release101|Any CPU.Build.0 = Release|Any CPU
		{F3A03CBB-C014-4B2E-955E-318093E37DF6}.Release102|Any CPU.ActiveCfg = Release|Any CPU
		{F3A03CBB-C014-4B2E-955E-318093E37DF6}.Release102|Any CPU.Build.0 = Release|Any CPU
		{F3A03CBB-C014-4B2E-955E-318093E37DF6}.Release87|Any CPU.ActiveCfg = Release|Any CPU
		{F3A03CBB-C014-4B2E-955E-318093E37DF6}.Release87|Any CPU.Build.0 = Release|Any CPU
		{C6DFCF46-7329-4E10-9C55-142682ADA700}.Debug|Any CPU.ActiveCfg = Debug|Any CPU
		{C6DFCF46-7329-4E10-9C55-142682ADA700}.Debug|Any CPU.Build.0 = Debug|Any CPU
		{C6DFCF46-7329-4E10-9C55-142682ADA700}.Debug101|Any CPU.ActiveCfg = Debug|Any CPU
		{C6DFCF46-7329-4E10-9C55-142682ADA700}.Debug101|Any CPU.Build.0 = Debug|Any CPU
		{C6DFCF46-7329-4E10-9C55-142682ADA700}.Debug102|Any CPU.ActiveCfg = Debug|Any CPU
		{C6DFCF46-7329-4E10-9C55-142682ADA700}.Debug102|Any CPU.Build.0 = Debug|Any CPU
		{C6DFCF46-7329-4E10-9C55-142682ADA700}.Debug87|Any CPU.ActiveCfg = Debug|Any CPU
		{C6DFCF46-7329-4E10-9C55-142682ADA700}.Debug87|Any CPU.Build.0 = Debug|Any CPU
		{C6DFCF46-7329-4E10-9C55-142682ADA700}.Release|Any CPU.ActiveCfg = Release|Any CPU
		{C6DFCF46-7329-4E10-9C55-142682ADA700}.Release|Any CPU.Build.0 = Release|Any CPU
		{C6DFCF46-7329-4E10-9C55-142682ADA700}.Release101|Any CPU.ActiveCfg = Release|Any CPU
		{C6DFCF46-7329-4E10-9C55-142682ADA700}.Release101|Any CPU.Build.0 = Release|Any CPU
		{C6DFCF46-7329-4E10-9C55-142682ADA700}.Release102|Any CPU.ActiveCfg = Release|Any CPU
		{C6DFCF46-7329-4E10-9C55-142682ADA700}.Release102|Any CPU.Build.0 = Release|Any CPU
		{C6DFCF46-7329-4E10-9C55-142682ADA700}.Release87|Any CPU.ActiveCfg = Release|Any CPU
		{C6DFCF46-7329-4E10-9C55-142682ADA700}.Release87|Any CPU.Build.0 = Release|Any CPU
		{4F3CF1A5-5A00-41C6-826B-43B103987D07}.Debug|Any CPU.ActiveCfg = Debug|Any CPU
		{4F3CF1A5-5A00-41C6-826B-43B103987D07}.Debug|Any CPU.Build.0 = Debug|Any CPU
		{4F3CF1A5-5A00-41C6-826B-43B103987D07}.Debug101|Any CPU.ActiveCfg = Debug101|Any CPU
		{4F3CF1A5-5A00-41C6-826B-43B103987D07}.Debug101|Any CPU.Build.0 = Debug101|Any CPU
		{4F3CF1A5-5A00-41C6-826B-43B103987D07}.Debug102|Any CPU.ActiveCfg = Debug102|Any CPU
		{4F3CF1A5-5A00-41C6-826B-43B103987D07}.Debug102|Any CPU.Build.0 = Debug102|Any CPU
		{4F3CF1A5-5A00-41C6-826B-43B103987D07}.Debug87|Any CPU.ActiveCfg = Debug87|Any CPU
		{4F3CF1A5-5A00-41C6-826B-43B103987D07}.Debug87|Any CPU.Build.0 = Debug87|Any CPU
		{4F3CF1A5-5A00-41C6-826B-43B103987D07}.Release|Any CPU.ActiveCfg = Release|Any CPU
		{4F3CF1A5-5A00-41C6-826B-43B103987D07}.Release|Any CPU.Build.0 = Release|Any CPU
		{4F3CF1A5-5A00-41C6-826B-43B103987D07}.Release101|Any CPU.ActiveCfg = Release101|Any CPU
		{4F3CF1A5-5A00-41C6-826B-43B103987D07}.Release101|Any CPU.Build.0 = Release101|Any CPU
		{4F3CF1A5-5A00-41C6-826B-43B103987D07}.Release102|Any CPU.ActiveCfg = Release102|Any CPU
		{4F3CF1A5-5A00-41C6-826B-43B103987D07}.Release102|Any CPU.Build.0 = Release102|Any CPU
		{4F3CF1A5-5A00-41C6-826B-43B103987D07}.Release87|Any CPU.ActiveCfg = Release87|Any CPU
		{4F3CF1A5-5A00-41C6-826B-43B103987D07}.Release87|Any CPU.Build.0 = Release87|Any CPU
	EndGlobalSection
	GlobalSection(SolutionProperties) = preSolution
		HideSolutionNode = FALSE
	EndGlobalSection
	GlobalSection(ExtensibilityGlobals) = postSolution
		SolutionGuid = {755A01FF-FA16-445B-94AB-2BEA5EBF2EEC}
	EndGlobalSection
EndGlobal
